
Microsoft Visual Studio Solution File, Format Version 12.00
# Visual Studio Version 17
VisualStudioVersion = 17.11.35208.52
MinimumVisualStudioVersion = 10.0.40219.1
Project("{FAE04EC0-301F-11D3-BF4B-00C04F79EFBC}") = "duplachave", "duplachave\duplachave.csproj", "{B9DCE266-A6E2-4A52-95E9-FA310A4D444E}"
EndProject
Global
	GlobalSection(SolutionConfigurationPlatforms) = preSolution
		Debug|Any CPU = Debug|Any CPU
		Release|Any CPU = Release|Any CPU
	EndGlobalSection
	GlobalSection(ProjectConfigurationPlatforms) = postSolution
		{B9DCE266-A6E2-4A52-95E9-FA310A4D444E}.Debug|Any CPU.ActiveCfg = Debug|Any CPU
		{B9DCE266-A6E2-4A52-95E9-FA310A4D444E}.Debug|Any CPU.Build.0 = Debug|Any CPU
		{B9DCE266-A6E2-4A52-95E9-FA310A4D444E}.Release|Any CPU.ActiveCfg = Release|Any CPU
		{B9DCE266-A6E2-4A52-95E9-FA310A4D444E}.Release|Any CPU.Build.0 = Release|Any CPU
	EndGlobalSection
	GlobalSection(SolutionProperties) = preSolution
		HideSolutionNode = FALSE
	EndGlobalSection
	GlobalSection(ExtensibilityGlobals) = postSolution
		SolutionGuid = {DEBEE25B-3621-45E2-BE13-3E1212D5EFC0}
	EndGlobalSection
EndGlobal
